
Microsoft Visual Studio Solution File, Format Version 12.00
# Visual Studio Version 17
VisualStudioVersion = 17.14.36518.9
MinimumVisualStudioVersion = 10.0.40219.1
Project("{2150E333-8FDC-42A3-9474-1A3956D46DE8}") = "Framework", "Framework", "{02EA681E-C7D8-13C7-8484-4AC65E1B71E8}"
EndProject
Project("{FAE04EC0-301F-11D3-BF4B-00C04F79EFBC}") = "CaiXin.EntityFrameworkCore", "Framework\CaiXin.EntityFrameworkCore\CaiXin.EntityFrameworkCore.csproj", "{0DC472C5-928C-45CB-BCD2-EFF619EEA5BA}"
EndProject
Project("{2150E333-8FDC-42A3-9474-1A3956D46DE8}") = "NiuMa", "NiuMa", "{3023BE17-4551-4087-BEB0-87E2143D784C}"
EndProject
Project("{FAE04EC0-301F-11D3-BF4B-00C04F79EFBC}") = "CaiXin.NiuMa.Domain", "NiuMa\CaiXin.NiuMa.Domain\CaiXin.NiuMa.Domain.csproj", "{5468AADC-5AC3-4DD7-8870-9CC5DC58DA26}"
EndProject
Project("{FAE04EC0-301F-11D3-BF4B-00C04F79EFBC}") = "CaiXin.NiuMa.Application.Contracts", "NiuMa\CaiXin.NiuMa.Application.Contracts\CaiXin.NiuMa.Application.Contracts.csproj", "{795FF548-050B-4D88-A6E9-DFC02158A717}"
EndProject
Project("{FAE04EC0-301F-11D3-BF4B-00C04F79EFBC}") = "CaiXin.NiuMa.Application", "NiuMa\CaiXin.NiuMa.Application\CaiXin.NiuMa.Application.csproj", "{BD061A4B-188D-4F03-8271-78CE55DACEFC}"
EndProject
Project("{FAE04EC0-301F-11D3-BF4B-00C04F79EFBC}") = "CaiXin.NiuMa.Infrastructure", "NiuMa\CaiXin.NiuMa.Infrastructure\CaiXin.NiuMa.Infrastructure.csproj", "{28C7E692-9F84-4D54-80BD-F3B75480B7B1}"
EndProject
Project("{2150E333-8FDC-42A3-9474-1A3956D46DE8}") = "Platform", "Platform", "{317CAF75-4B3C-4903-8583-C5CBB79C0DBA}"
EndProject
Project("{FAE04EC0-301F-11D3-BF4B-00C04F79EFBC}") = "CaiXin.Domain", "Framework\CaiXin.Domain\CaiXin.Domain.csproj", "{8C5906FE-19D8-4830-909D-E90C1F92614E}"
EndProject
Project("{2150E333-8FDC-42A3-9474-1A3956D46DE8}") = "SearchStorefront", "SearchStorefront", "{CCFD8A8A-BB1D-4FC2-BF9E-0CAF6CCA5F09}"
EndProject
Project("{FAE04EC0-301F-11D3-BF4B-00C04F79EFBC}") = "CaiXin.Application", "Framework\CaiXin.Application\CaiXin.Application.csproj", "{53DD70AF-D1FE-4907-A7A2-A243D1177DB4}"
EndProject
Project("{FAE04EC0-301F-11D3-BF4B-00C04F79EFBC}") = "CaiXin.Application.Contracts", "Framework\CaiXin.Application.Contracts\CaiXin.Application.Contracts.csproj", "{D8B74A11-4CB4-43E0-B50D-2E74736FC06F}"
EndProject
Project("{FAE04EC0-301F-11D3-BF4B-00C04F79EFBC}") = "CaiXin.Domain.Shared", "Framework\CaiXin.Domain.Shared\CaiXin.Domain.Shared.csproj", "{0D9DA736-ADB7-451F-9C51-85C311538CD1}"
EndProject
Project("{2150E333-8FDC-42A3-9474-1A3956D46DE8}") = "Gateway", "Gateway", "{02D3A65E-19EE-4590-ABF9-CFEE06E1ED70}"
EndProject
Project("{FAE04EC0-301F-11D3-BF4B-00C04F79EFBC}") = "CaiXin.NiuMa.Domain.Shared", "NiuMa\CaiXin.NiuMa.Domain.Shared\CaiXin.NiuMa.Domain.Shared.csproj", "{BA45ACC7-F983-4284-9220-C79058319DDD}"
EndProject
Project("{FAE04EC0-301F-11D3-BF4B-00C04F79EFBC}") = "CaiXin.NiuMa.WebBlazor", "NiuMa\CaiXin.NiuMa.WebBlazor\CaiXin.NiuMa.WebBlazor.csproj", "{735AEFE1-14FB-4133-B931-960129A48AE1}"
EndProject
Project("{FAE04EC0-301F-11D3-BF4B-00C04F79EFBC}") = "CaiXin.DbMigrator", "Framework\CaiXin.DbMigrator\CaiXin.DbMigrator.csproj", "{6D6CD06B-F673-44C1-87EC-C1B68BCF1BAD}"
EndProject
Project("{FAE04EC0-301F-11D3-BF4B-00C04F79EFBC}") = "CaiXin.NiuMa.DbMigrator", "NiuMa\CaiXin.NiuMa.DbMigrator\CaiXin.NiuMa.DbMigrator.csproj", "{CF15742F-5558-421B-81C1-2A5DD4344766}"
EndProject
Project("{FAE04EC0-301F-11D3-BF4B-00C04F79EFBC}") = "CaiXin.BackgroundJob", "Framework\CaiXin.BackgroundJob\CaiXin.BackgroundJob.csproj", "{33DBB170-E494-44B2-9A5C-63FF8FDAD75F}"
EndProject
Project("{FAE04EC0-301F-11D3-BF4B-00C04F79EFBC}") = "CaiXin.NiuMa.WebUI", "NiuMa\CaiXin.NiuMa.WebUI\CaiXin.NiuMa.WebUI.csproj", "{3AC6A3D0-40A0-4502-A5D4-FD0435C7EF1C}"
EndProject
Project("{FAE04EC0-301F-11D3-BF4B-00C04F79EFBC}") = "CaiXin.Cap", "Framework\CaiXin.Cap\CaiXin.Cap.csproj", "{35340851-DA0C-4C90-8DCA-0A80807E3CBA}"
EndProject
Project("{FAE04EC0-301F-11D3-BF4B-00C04F79EFBC}") = "CaiXin.EventBus", "Framework\CaiXin.EventBus\CaiXin.EventBus.csproj", "{D630F19E-0E6B-4B19-8753-82C7A006FB12}"
EndProject
Project("{FAE04EC0-301F-11D3-BF4B-00C04F79EFBC}") = "BlazorApp1", "NiuMa\BlazorApp1\BlazorApp1.csproj", "{9740F967-B1C8-4A83-AEDC-CA6F181F3E33}"
EndProject
Project("{FAE04EC0-301F-11D3-BF4B-00C04F79EFBC}") = "CaiXin.NiuMa.Host", "NiuMa\CaiXin.NiuMa.Host\CaiXin.NiuMa.Host.csproj", "{4093C299-1545-E60C-EC49-7BFD5482C80C}"
EndProject
Global
	GlobalSection(SolutionConfigurationPlatforms) = preSolution
		Debug|Any CPU = Debug|Any CPU
		Release|Any CPU = Release|Any CPU
	EndGlobalSection
	GlobalSection(ProjectConfigurationPlatforms) = postSolution
		{0DC472C5-928C-45CB-BCD2-EFF619EEA5BA}.Debug|Any CPU.ActiveCfg = Debug|Any CPU
		{0DC472C5-928C-45CB-BCD2-EFF619EEA5BA}.Debug|Any CPU.Build.0 = Debug|Any CPU
		{0DC472C5-928C-45CB-BCD2-EFF619EEA5BA}.Release|Any CPU.ActiveCfg = Release|Any CPU
		{0DC472C5-928C-45CB-BCD2-EFF619EEA5BA}.Release|Any CPU.Build.0 = Release|Any CPU
		{5468AADC-5AC3-4DD7-8870-9CC5DC58DA26}.Debug|Any CPU.ActiveCfg = Debug|Any CPU
		{5468AADC-5AC3-4DD7-8870-9CC5DC58DA26}.Debug|Any CPU.Build.0 = Debug|Any CPU
		{5468AADC-5AC3-4DD7-8870-9CC5DC58DA26}.Release|Any CPU.ActiveCfg = Release|Any CPU
		{5468AADC-5AC3-4DD7-8870-9CC5DC58DA26}.Release|Any CPU.Build.0 = Release|Any CPU
		{795FF548-050B-4D88-A6E9-DFC02158A717}.Debug|Any CPU.ActiveCfg = Debug|Any CPU
		{795FF548-050B-4D88-A6E9-DFC02158A717}.Debug|Any CPU.Build.0 = Debug|Any CPU
		{795FF548-050B-4D88-A6E9-DFC02158A717}.Release|Any CPU.ActiveCfg = Release|Any CPU
		{795FF548-050B-4D88-A6E9-DFC02158A717}.Release|Any CPU.Build.0 = Release|Any CPU
		{BD061A4B-188D-4F03-8271-78CE55DACEFC}.Debug|Any CPU.ActiveCfg = Debug|Any CPU
		{BD061A4B-188D-4F03-8271-78CE55DACEFC}.Debug|Any CPU.Build.0 = Debug|Any CPU
		{BD061A4B-188D-4F03-8271-78CE55DACEFC}.Release|Any CPU.ActiveCfg = Release|Any CPU
		{BD061A4B-188D-4F03-8271-78CE55DACEFC}.Release|Any CPU.Build.0 = Release|Any CPU
		{28C7E692-9F84-4D54-80BD-F3B75480B7B1}.Debug|Any CPU.ActiveCfg = Debug|Any CPU
		{28C7E692-9F84-4D54-80BD-F3B75480B7B1}.Debug|Any CPU.Build.0 = Debug|Any CPU
		{28C7E692-9F84-4D54-80BD-F3B75480B7B1}.Release|Any CPU.ActiveCfg = Release|Any CPU
		{28C7E692-9F84-4D54-80BD-F3B75480B7B1}.Release|Any CPU.Build.0 = Release|Any CPU
		{8C5906FE-19D8-4830-909D-E90C1F92614E}.Debug|Any CPU.ActiveCfg = Debug|Any CPU
		{8C5906FE-19D8-4830-909D-E90C1F92614E}.Debug|Any CPU.Build.0 = Debug|Any CPU
		{8C5906FE-19D8-4830-909D-E90C1F92614E}.Release|Any CPU.ActiveCfg = Release|Any CPU
		{8C5906FE-19D8-4830-909D-E90C1F92614E}.Release|Any CPU.Build.0 = Release|Any CPU
		{53DD70AF-D1FE-4907-A7A2-A243D1177DB4}.Debug|Any CPU.ActiveCfg = Debug|Any CPU
		{53DD70AF-D1FE-4907-A7A2-A243D1177DB4}.Debug|Any CPU.Build.0 = Debug|Any CPU
		{53DD70AF-D1FE-4907-A7A2-A243D1177DB4}.Release|Any CPU.ActiveCfg = Release|Any CPU
		{53DD70AF-D1FE-4907-A7A2-A243D1177DB4}.Release|Any CPU.Build.0 = Release|Any CPU
		{D8B74A11-4CB4-43E0-B50D-2E74736FC06F}.Debug|Any CPU.ActiveCfg = Debug|Any CPU
		{D8B74A11-4CB4-43E0-B50D-2E74736FC06F}.Debug|Any CPU.Build.0 = Debug|Any CPU
		{D8B74A11-4CB4-43E0-B50D-2E74736FC06F}.Release|Any CPU.ActiveCfg = Release|Any CPU
		{D8B74A11-4CB4-43E0-B50D-2E74736FC06F}.Release|Any CPU.Build.0 = Release|Any CPU
		{0D9DA736-ADB7-451F-9C51-85C311538CD1}.Debug|Any CPU.ActiveCfg = Debug|Any CPU
		{0D9DA736-ADB7-451F-9C51-85C311538CD1}.Debug|Any CPU.Build.0 = Debug|Any CPU
		{0D9DA736-ADB7-451F-9C51-85C311538CD1}.Release|Any CPU.ActiveCfg = Release|Any CPU
		{0D9DA736-ADB7-451F-9C51-85C311538CD1}.Release|Any CPU.Build.0 = Release|Any CPU
		{BA45ACC7-F983-4284-9220-C79058319DDD}.Debug|Any CPU.ActiveCfg = Debug|Any CPU
		{BA45ACC7-F983-4284-9220-C79058319DDD}.Debug|Any CPU.Build.0 = Debug|Any CPU
		{BA45ACC7-F983-4284-9220-C79058319DDD}.Release|Any CPU.ActiveCfg = Release|Any CPU
		{BA45ACC7-F983-4284-9220-C79058319DDD}.Release|Any CPU.Build.0 = Release|Any CPU
		{735AEFE1-14FB-4133-B931-960129A48AE1}.Debug|Any CPU.ActiveCfg = Debug|Any CPU
		{735AEFE1-14FB-4133-B931-960129A48AE1}.Debug|Any CPU.Build.0 = Debug|Any CPU
		{735AEFE1-14FB-4133-B931-960129A48AE1}.Release|Any CPU.ActiveCfg = Release|Any CPU
		{735AEFE1-14FB-4133-B931-960129A48AE1}.Release|Any CPU.Build.0 = Release|Any CPU
		{6D6CD06B-F673-44C1-87EC-C1B68BCF1BAD}.Debug|Any CPU.ActiveCfg = Debug|Any CPU
		{6D6CD06B-F673-44C1-87EC-C1B68BCF1BAD}.Debug|Any CPU.Build.0 = Debug|Any CPU
		{6D6CD06B-F673-44C1-87EC-C1B68BCF1BAD}.Release|Any CPU.ActiveCfg = Release|Any CPU
		{6D6CD06B-F673-44C1-87EC-C1B68BCF1BAD}.Release|Any CPU.Build.0 = Release|Any CPU
		{CF15742F-5558-421B-81C1-2A5DD4344766}.Debug|Any CPU.ActiveCfg = Debug|Any CPU
		{CF15742F-5558-421B-81C1-2A5DD4344766}.Debug|Any CPU.Build.0 = Debug|Any CPU
		{CF15742F-5558-421B-81C1-2A5DD4344766}.Release|Any CPU.ActiveCfg = Release|Any CPU
		{CF15742F-5558-421B-81C1-2A5DD4344766}.Release|Any CPU.Build.0 = Release|Any CPU
		{33DBB170-E494-44B2-9A5C-63FF8FDAD75F}.Debug|Any CPU.ActiveCfg = Debug|Any CPU
		{33DBB170-E494-44B2-9A5C-63FF8FDAD75F}.Debug|Any CPU.Build.0 = Debug|Any CPU
		{33DBB170-E494-44B2-9A5C-63FF8FDAD75F}.Release|Any CPU.ActiveCfg = Release|Any CPU
		{33DBB170-E494-44B2-9A5C-63FF8FDAD75F}.Release|Any CPU.Build.0 = Release|Any CPU
		{3AC6A3D0-40A0-4502-A5D4-FD0435C7EF1C}.Debug|Any CPU.ActiveCfg = Debug|Any CPU
		{3AC6A3D0-40A0-4502-A5D4-FD0435C7EF1C}.Debug|Any CPU.Build.0 = Debug|Any CPU
		{3AC6A3D0-40A0-4502-A5D4-FD0435C7EF1C}.Release|Any CPU.ActiveCfg = Release|Any CPU
		{3AC6A3D0-40A0-4502-A5D4-FD0435C7EF1C}.Release|Any CPU.Build.0 = Release|Any CPU
		{35340851-DA0C-4C90-8DCA-0A80807E3CBA}.Debug|Any CPU.ActiveCfg = Debug|Any CPU
		{35340851-DA0C-4C90-8DCA-0A80807E3CBA}.Debug|Any CPU.Build.0 = Debug|Any CPU
		{35340851-DA0C-4C90-8DCA-0A80807E3CBA}.Release|Any CPU.ActiveCfg = Release|Any CPU
		{35340851-DA0C-4C90-8DCA-0A80807E3CBA}.Release|Any CPU.Build.0 = Release|Any CPU
		{D630F19E-0E6B-4B19-8753-82C7A006FB12}.Debug|Any CPU.ActiveCfg = Debug|Any CPU
		{D630F19E-0E6B-4B19-8753-82C7A006FB12}.Debug|Any CPU.Build.0 = Debug|Any CPU
		{D630F19E-0E6B-4B19-8753-82C7A006FB12}.Release|Any CPU.ActiveCfg = Release|Any CPU
		{D630F19E-0E6B-4B19-8753-82C7A006FB12}.Release|Any CPU.Build.0 = Release|Any CPU
		{9740F967-B1C8-4A83-AEDC-CA6F181F3E33}.Debug|Any CPU.ActiveCfg = Debug|Any CPU
		{9740F967-B1C8-4A83-AEDC-CA6F181F3E33}.Debug|Any CPU.Build.0 = Debug|Any CPU
		{9740F967-B1C8-4A83-AEDC-CA6F181F3E33}.Release|Any CPU.ActiveCfg = Release|Any CPU
		{9740F967-B1C8-4A83-AEDC-CA6F181F3E33}.Release|Any CPU.Build.0 = Release|Any CPU
		{4093C299-1545-E60C-EC49-7BFD5482C80C}.Debug|Any CPU.ActiveCfg = Debug|Any CPU
		{4093C299-1545-E60C-EC49-7BFD5482C80C}.Debug|Any CPU.Build.0 = Debug|Any CPU
		{4093C299-1545-E60C-EC49-7BFD5482C80C}.Release|Any CPU.ActiveCfg = Release|Any CPU
		{4093C299-1545-E60C-EC49-7BFD5482C80C}.Release|Any CPU.Build.0 = Release|Any CPU
	EndGlobalSection
	GlobalSection(SolutionProperties) = preSolution
		HideSolutionNode = FALSE
	EndGlobalSection
	GlobalSection(NestedProjects) = preSolution
		{0DC472C5-928C-45CB-BCD2-EFF619EEA5BA} = {02EA681E-C7D8-13C7-8484-4AC65E1B71E8}
		{5468AADC-5AC3-4DD7-8870-9CC5DC58DA26} = {3023BE17-4551-4087-BEB0-87E2143D784C}
		{795FF548-050B-4D88-A6E9-DFC02158A717} = {3023BE17-4551-4087-BEB0-87E2143D784C}
		{BD061A4B-188D-4F03-8271-78CE55DACEFC} = {3023BE17-4551-4087-BEB0-87E2143D784C}
		{28C7E692-9F84-4D54-80BD-F3B75480B7B1} = {3023BE17-4551-4087-BEB0-87E2143D784C}
		{8C5906FE-19D8-4830-909D-E90C1F92614E} = {02EA681E-C7D8-13C7-8484-4AC65E1B71E8}
		{53DD70AF-D1FE-4907-A7A2-A243D1177DB4} = {02EA681E-C7D8-13C7-8484-4AC65E1B71E8}
		{D8B74A11-4CB4-43E0-B50D-2E74736FC06F} = {02EA681E-C7D8-13C7-8484-4AC65E1B71E8}
		{0D9DA736-ADB7-451F-9C51-85C311538CD1} = {02EA681E-C7D8-13C7-8484-4AC65E1B71E8}
		{BA45ACC7-F983-4284-9220-C79058319DDD} = {3023BE17-4551-4087-BEB0-87E2143D784C}
		{735AEFE1-14FB-4133-B931-960129A48AE1} = {3023BE17-4551-4087-BEB0-87E2143D784C}
		{6D6CD06B-F673-44C1-87EC-C1B68BCF1BAD} = {02EA681E-C7D8-13C7-8484-4AC65E1B71E8}
		{CF15742F-5558-421B-81C1-2A5DD4344766} = {3023BE17-4551-4087-BEB0-87E2143D784C}
		{33DBB170-E494-44B2-9A5C-63FF8FDAD75F} = {02EA681E-C7D8-13C7-8484-4AC65E1B71E8}
		{3AC6A3D0-40A0-4502-A5D4-FD0435C7EF1C} = {3023BE17-4551-4087-BEB0-87E2143D784C}
		{35340851-DA0C-4C90-8DCA-0A80807E3CBA} = {02EA681E-C7D8-13C7-8484-4AC65E1B71E8}
		{D630F19E-0E6B-4B19-8753-82C7A006FB12} = {02EA681E-C7D8-13C7-8484-4AC65E1B71E8}
		{9740F967-B1C8-4A83-AEDC-CA6F181F3E33} = {3023BE17-4551-4087-BEB0-87E2143D784C}
		{4093C299-1545-E60C-EC49-7BFD5482C80C} = {3023BE17-4551-4087-BEB0-87E2143D784C}
	EndGlobalSection
	GlobalSection(ExtensibilityGlobals) = postSolution
		SolutionGuid = {E644E46F-4706-4479-B3A6-2F11F6C0AD04}
	EndGlobalSection
EndGlobal
